github.com/99designs/gqlgen v0.17.2 h1:yczvlwMsfcVu/JtejqfrLwXuSP0yZFhmcss3caEvHw8=
github.com/andreyvit/diff v0.0.0-20170406064948-c7f18ee00883 h1:bvNMNQO63//z+xNgfBlViaCIJKLlCJ6/fmUseuG0wVQ=
github.com/davecgh/go-spew v1.1.1 h1:vj9j/u1bqnvCEfJOwUhtlOARqs3+rkHYY13jYWTU97c=
github.com/pmezard/go-difflib v1.0.0 h1:4DBwDE0NGyQoBHbLQYPwSUPoCMWR5BEzIk/f1lZbAQM=
github.com/segmentio/ksuid v1.0.5-0.20220816194758-874a68afca39 h1:u2XjnHvcc4I1hVvMt7cWCtKviLjRm2F6fLBEweq+db0=
github.com/segmentio/ksuid v1.0.5-0.20220816194758-874a68afca39/go.mod h1:/XUiZBD3kVx5SmUOl55voK5yeAbBNNIed+2O73XgrPE=
github.com/sergi/go-diff v1.1.0 h1:we8PVUC3FE2uYfodKH/nBHMSetSfHDR6scGdBi+erh0=
github.com/stretchr/testify v1.7.0 h1:nwc3DEeHmmLAfoZucVR881uASk0Mfjw8xYJ99tb5CcY=
github.com/vektah/gqlparser/v2 v2.4.5 h1:C02NsyEsL4TXJB7ndonqTfuQOL4XPIu0aAWugdmTgmc=
gopkg.in/yaml.v3 v3.0.0-20200313102051-9f266ea9e77c h1:dUUwHk2QECo/6vqA44rthZ8ie2QXMNeKRTHCNY2nXvo=
